{
  "name": "@mymonero/mymonero-money-format",
  "version": "1.1.9",
  "lockfileVersion": 2,
  "requires": true,
  "packages": {
    "": {
      "name": "@mymonero/mymonero-money-format",
      "version": "1.0.0",
      "license": "ISC",
      "dependencies": {
        "@mymonero/mymonero-bigint": "^1.0.1"
      }
    },
    "node_modules/@mymonero/mymonero-bigint": {
      "version": "1.0.1",
      "resolved": "https://registry.npmjs.org/@mymonero/mymonero-bigint/-/mymonero-bigint-1.0.1.tgz",
      "integrity": "sha512-ekys/sNQ2ST1q8sQLIjbGsTbH9DcGKpYp7MkLI8ll0STPTux34epKKKdjcHKvMVQP2FYpOMOC8jNnfdzQ7bcwg=="
    }
  },
  "dependencies": {
    "@mymonero/mymonero-bigint": {
      "version": "1.0.1",
      "resolved": "https://registry.npmjs.org/@mymonero/mymonero-bigint/-/mymonero-bigint-1.0.1.tgz",
      "integrity": "sha512-ekys/sNQ2ST1q8sQLIjbGsTbH9DcGKpYp7MkLI8ll0STPTux34epKKKdjcHKvMVQP2FYpOMOC8jNnfdzQ7bcwg=="
    }
  }
}
