{
  "name": "@mymonero/mymonero-currencies",
  "version": "1.1.9",
  "lockfileVersion": 2,
  "requires": true,
  "packages": {
    "": {
      "name": "@mymonero/mymonero-currencies",
      "version": "1.0.0",
      "license": "ISC",
      "dependencies": {
        "@mymonero/mymonero-bigint": "^1.0.5",
        "@mymonero/mymonero-monero-config": "^1.0.6",
        "@mymonero/mymonero-money-format": "^1.0.5"
      }
    },
    "node_modules/@mymonero/mymonero-bigint": {
      "version": "1.0.5",
      "resolved": "https://registry.npmjs.org/@mymonero/mymonero-bigint/-/mymonero-bigint-1.0.5.tgz",
      "integrity": "sha512-fcMNCiWSFxU0hBc3PT+ASNE1KiwoPa3HGoVskRybYN/x9qJ/FALg8b6tPxrHSj8lRq2f7OcW1CE+wGs9AqjMVQ==",
      "license": "MIT"
    },
    "node_modules/@mymonero/mymonero-monero-config": {
      "version": "1.0.6",
      "resolved": "https://registry.npmjs.org/@mymonero/mymonero-monero-config/-/mymonero-monero-config-1.0.6.tgz",
      "integrity": "sha512-NCO0GplRfBUAAS1OKRCzvdjkpEQggndwIicjTMPeUPi5i712nFnTEY5+YFWfysIQvpUlKYKTLgYdHVqQAhoifg==",
      "dependencies": {
        "@mymonero/mymonero-bigint": "^1.0.5"
      }
    },
    "node_modules/@mymonero/mymonero-money-format": {
      "version": "1.0.5",
      "resolved": "https://registry.npmjs.org/@mymonero/mymonero-money-format/-/mymonero-money-format-1.0.5.tgz",
      "integrity": "sha512-cLgynyaD9fyxrM4dnCcQxz9VCgPFpNtPF3jHd7lmdnJj83i9chqZVVZFZLZ3vDSCGUcsDOVruOKhJ9SpWWec2A==",
      "dependencies": {
        "@mymonero/mymonero-bigint": "^1.0.5"
      }
    }
  },
  "dependencies": {
    "@mymonero/mymonero-bigint": {
      "version": "1.0.5",
      "resolved": "https://registry.npmjs.org/@mymonero/mymonero-bigint/-/mymonero-bigint-1.0.5.tgz",
      "integrity": "sha512-fcMNCiWSFxU0hBc3PT+ASNE1KiwoPa3HGoVskRybYN/x9qJ/FALg8b6tPxrHSj8lRq2f7OcW1CE+wGs9AqjMVQ=="
    },
    "@mymonero/mymonero-monero-config": {
      "version": "1.0.6",
      "resolved": "https://registry.npmjs.org/@mymonero/mymonero-monero-config/-/mymonero-monero-config-1.0.6.tgz",
      "integrity": "sha512-NCO0GplRfBUAAS1OKRCzvdjkpEQggndwIicjTMPeUPi5i712nFnTEY5+YFWfysIQvpUlKYKTLgYdHVqQAhoifg==",
      "requires": {
        "@mymonero/mymonero-bigint": "^1.0.5"
      }
    },
    "@mymonero/mymonero-money-format": {
      "version": "1.0.5",
      "resolved": "https://registry.npmjs.org/@mymonero/mymonero-money-format/-/mymonero-money-format-1.0.5.tgz",
      "integrity": "sha512-cLgynyaD9fyxrM4dnCcQxz9VCgPFpNtPF3jHd7lmdnJj83i9chqZVVZFZLZ3vDSCGUcsDOVruOKhJ9SpWWec2A==",
      "requires": {
        "@mymonero/mymonero-bigint": "^1.0.5"
      }
    }
  }
}
