{
  "name": "@mymonero/mymonero-currencies",
  "version": "1.1.4",
  "lockfileVersion": 2,
  "requires": true,
  "packages": {
    "": {
      "name": "@mymonero/mymonero-currencies",
      "version": "1.1.4",
      "license": "ISC",
      "dependencies": {
        "@mymonero/mymonero-bigint": "^1.1.4",
        "@mymonero/mymonero-monero-config": "^1.1.3",
        "@mymonero/mymonero-money-format": "^1.1.4"
      }
    },
    "node_modules/@mymonero/mymonero-bigint": {
      "version": "1.1.4",
      "resolved": "https://registry.npmjs.org/@mymonero/mymonero-bigint/-/mymonero-bigint-1.1.4.tgz",
      "integrity": "sha512-as4tJVh9GQb8wsJGaqTdVd0q2sFhpH5nGTNEUR4Kq3rIG4wJ5bPCf2Ch43yXXY6hyS5bKPIlDYSrl+dc327o6Q=="
    },
    "node_modules/@mymonero/mymonero-monero-config": {
      "version": "1.1.3",
      "resolved": "https://registry.npmjs.org/@mymonero/mymonero-monero-config/-/mymonero-monero-config-1.1.3.tgz",
      "integrity": "sha512-k3ZLDGhllyM5VI8LVgQQNGtE2gXQ/VMWRs42MzNUo9Uw5FakkBbs5SY9CcSHdi//e/gLKHuavgLTW0GTKx9U3g==",
      "dependencies": {
        "@mymonero/mymonero-bigint": "^1.1.3"
      }
    },
    "node_modules/@mymonero/mymonero-money-format": {
      "version": "1.1.4",
      "resolved": "https://registry.npmjs.org/@mymonero/mymonero-money-format/-/mymonero-money-format-1.1.4.tgz",
      "integrity": "sha512-U8gVrD504EhO/MCxuf0fASMcwujk9aLBYFJSWVcxIN3zXY/gzH6e6fanNddtS2z6pYA5MjCYZ30u0anDMrXJlg==",
      "dependencies": {
        "@mymonero/mymonero-bigint": "^1.1.4"
      }
    }
  },
  "dependencies": {
    "@mymonero/mymonero-bigint": {
      "version": "1.1.4",
      "resolved": "https://registry.npmjs.org/@mymonero/mymonero-bigint/-/mymonero-bigint-1.1.4.tgz",
      "integrity": "sha512-as4tJVh9GQb8wsJGaqTdVd0q2sFhpH5nGTNEUR4Kq3rIG4wJ5bPCf2Ch43yXXY6hyS5bKPIlDYSrl+dc327o6Q=="
    },
    "@mymonero/mymonero-monero-config": {
      "version": "1.1.3",
      "resolved": "https://registry.npmjs.org/@mymonero/mymonero-monero-config/-/mymonero-monero-config-1.1.3.tgz",
      "integrity": "sha512-k3ZLDGhllyM5VI8LVgQQNGtE2gXQ/VMWRs42MzNUo9Uw5FakkBbs5SY9CcSHdi//e/gLKHuavgLTW0GTKx9U3g==",
      "requires": {
        "@mymonero/mymonero-bigint": "^1.1.3"
      }
    },
    "@mymonero/mymonero-money-format": {
      "version": "1.1.4",
      "resolved": "https://registry.npmjs.org/@mymonero/mymonero-money-format/-/mymonero-money-format-1.1.4.tgz",
      "integrity": "sha512-U8gVrD504EhO/MCxuf0fASMcwujk9aLBYFJSWVcxIN3zXY/gzH6e6fanNddtS2z6pYA5MjCYZ30u0anDMrXJlg==",
      "requires": {
        "@mymonero/mymonero-bigint": "^1.1.4"
      }
    }
  }
}
