{
  "name": "@mymonero/mymonero-net-service-utils",
  "version": "3.0.3",
  "lockfileVersion": 2,
  "requires": true,
  "packages": {
    "": {
      "name": "@mymonero/mymonero-net-service-utils",
      "version": "3.0.3",
      "license": "ISC",
      "dependencies": {
        "@capacitor-community/http": "^1.4.1",
        "xhr": "^2.6.0"
      }
    },
    "node_modules/@capacitor-community/http": {
      "version": "1.4.1",
      "resolved": "https://registry.npmjs.org/@capacitor-community/http/-/http-1.4.1.tgz",
      "integrity": "sha512-+pCkBXrwfm97UfjOgjV950H/qZ8SE36Mrcb46BlL1ps3VIsGuIO+AulL8GqTC6LewheRVtGJpRspNtneXQotNA==",
      "dependencies": {
        "@capacitor/android": "^3.0.0",
        "@capacitor/core": "^3.0.0",
        "@capacitor/filesystem": "^1.0.0",
        "@capacitor/ios": "^3.0.0"
      }
    },
    "node_modules/@capacitor/android": {
      "version": "3.6.0",
      "resolved": "https://registry.npmjs.org/@capacitor/android/-/android-3.6.0.tgz",
      "integrity": "sha512-X6n0OLy7BE3c6qfVuL7UYyq/aIwEsqIAqtyDOwMdj5k+P1rLQVsGaWERXUtC0BGeoKBD5YgbWiyKwAwg5Spjdg==",
      "peerDependencies": {
        "@capacitor/core": "^3.6.0"
      }
    },
    "node_modules/@capacitor/core": {
      "version": "3.6.0",
      "resolved": "https://registry.npmjs.org/@capacitor/core/-/core-3.6.0.tgz",
      "integrity": "sha512-F94ozABHXxq1xMcNGMnOVP73WZDWYR1PrJEfVfl9Ja0BXGEJURIxmHBc842OX3rrt3+g0ELHyhX9LTH16eeonw==",
      "dependencies": {
        "tslib": "^2.1.0"
      }
    },
    "node_modules/@capacitor/filesystem": {
      "version": "1.1.0",
      "resolved": "https://registry.npmjs.org/@capacitor/filesystem/-/filesystem-1.1.0.tgz",
      "integrity": "sha512-8O3UuvL8HNUEJvZnmn8yUmvgB1evtXfcF0oxIo3YbSlylqywJwS3JTiuhKmsvSxCdpbTy8IaTsutVh3gZgWbKg==",
      "peerDependencies": {
        "@capacitor/core": "^3.0.0"
      }
    },
    "node_modules/@capacitor/ios": {
      "version": "3.6.0",
      "resolved": "https://registry.npmjs.org/@capacitor/ios/-/ios-3.6.0.tgz",
      "integrity": "sha512-clauOkPj24COpAi1eIHSgi4OENIwuI8P6WKkfn3HVRX2lUPWyxczHTtg64inwECABy3zJdxnnwBHeok3bpoSCg==",
      "peerDependencies": {
        "@capacitor/core": "^3.6.0"
      }
    },
    "node_modules/dom-walk": {
      "version": "0.1.2",
      "resolved": "https://registry.npmjs.org/dom-walk/-/dom-walk-0.1.2.tgz",
      "integrity": "sha512-6QvTW9mrGeIegrFXdtQi9pk7O/nSK6lSdXW2eqUspN5LWD7UTji2Fqw5V2YLjBpHEoU9Xl/eUWNpDeZvoyOv2w=="
    },
    "node_modules/global": {
      "version": "4.4.0",
      "resolved": "https://registry.npmjs.org/global/-/global-4.4.0.tgz",
      "integrity": "sha512-wv/LAoHdRE3BeTGz53FAamhGlPLhlssK45usmGFThIi4XqnBmjKQ16u+RNbP7WvigRZDxUsM0J3gcQ5yicaL0w==",
      "dependencies": {
        "min-document": "^2.19.0",
        "process": "^0.11.10"
      }
    },
    "node_modules/is-function": {
      "version": "1.0.2",
      "resolved": "https://registry.npmjs.org/is-function/-/is-function-1.0.2.tgz",
      "integrity": "sha512-lw7DUp0aWXYg+CBCN+JKkcE0Q2RayZnSvnZBlwgxHBQhqt5pZNVy4Ri7H9GmmXkdu7LUthszM+Tor1u/2iBcpQ=="
    },
    "node_modules/min-document": {
      "version": "2.19.0",
      "resolved": "https://registry.npmjs.org/min-document/-/min-document-2.19.0.tgz",
      "integrity": "sha1-e9KC4/WELtKVu3SM3Z8f+iyCRoU=",
      "dependencies": {
        "dom-walk": "^0.1.0"
      }
    },
    "node_modules/parse-headers": {
      "version": "2.0.4",
      "resolved": "https://registry.npmjs.org/parse-headers/-/parse-headers-2.0.4.tgz",
      "integrity": "sha512-psZ9iZoCNFLrgRjZ1d8mn0h9WRqJwFxM9q3x7iUjN/YT2OksthDJ5TiPCu2F38kS4zutqfW+YdVVkBZZx3/1aw=="
    },
    "node_modules/process": {
      "version": "0.11.10",
      "resolved": "https://registry.npmjs.org/process/-/process-0.11.10.tgz",
      "integrity": "sha1-czIwDoQBYb2j5podHZGn1LwW8YI=",
      "engines": {
        "node": ">= 0.6.0"
      }
    },
    "node_modules/tslib": {
      "version": "2.4.0",
      "resolved": "https://registry.npmjs.org/tslib/-/tslib-2.4.0.tgz",
      "integrity": "sha512-d6xOpEDfsi2CZVlPQzGeux8XMwLT9hssAsaPYExaQMuYskwb+x1x7J371tWlbBdWHroy99KnVB6qIkUbs5X3UQ=="
    },
    "node_modules/xhr": {
      "version": "2.6.0",
      "resolved": "https://registry.npmjs.org/xhr/-/xhr-2.6.0.tgz",
      "integrity": "sha512-/eCGLb5rxjx5e3mF1A7s+pLlR6CGyqWN91fv1JgER5mVWg1MZmlhBvy9kjcsOdRk8RrIujotWyJamfyrp+WIcA==",
      "dependencies": {
        "global": "~4.4.0",
        "is-function": "^1.0.1",
        "parse-headers": "^2.0.0",
        "xtend": "^4.0.0"
      }
    },
    "node_modules/xtend": {
      "version": "4.0.2",
      "resolved": "https://registry.npmjs.org/xtend/-/xtend-4.0.2.tgz",
      "integrity": "sha512-LKYU1iAXJXUgAXn9URjiu+MWhyUXHsvfp7mcuYm9dSUKK0/CjtrUwFAxD82/mCWbtLsGjFIad0wIsod4zrTAEQ==",
      "engines": {
        "node": ">=0.4"
      }
    }
  },
  "dependencies": {
    "@capacitor-community/http": {
      "version": "1.4.1",
      "resolved": "https://registry.npmjs.org/@capacitor-community/http/-/http-1.4.1.tgz",
      "integrity": "sha512-+pCkBXrwfm97UfjOgjV950H/qZ8SE36Mrcb46BlL1ps3VIsGuIO+AulL8GqTC6LewheRVtGJpRspNtneXQotNA==",
      "requires": {
        "@capacitor/android": "^3.0.0",
        "@capacitor/core": "^3.0.0",
        "@capacitor/filesystem": "^1.0.0",
        "@capacitor/ios": "^3.0.0"
      }
    },
    "@capacitor/android": {
      "version": "3.6.0",
      "resolved": "https://registry.npmjs.org/@capacitor/android/-/android-3.6.0.tgz",
      "integrity": "sha512-X6n0OLy7BE3c6qfVuL7UYyq/aIwEsqIAqtyDOwMdj5k+P1rLQVsGaWERXUtC0BGeoKBD5YgbWiyKwAwg5Spjdg==",
      "requires": {}
    },
    "@capacitor/core": {
      "version": "3.6.0",
      "resolved": "https://registry.npmjs.org/@capacitor/core/-/core-3.6.0.tgz",
      "integrity": "sha512-F94ozABHXxq1xMcNGMnOVP73WZDWYR1PrJEfVfl9Ja0BXGEJURIxmHBc842OX3rrt3+g0ELHyhX9LTH16eeonw==",
      "requires": {
        "tslib": "^2.1.0"
      }
    },
    "@capacitor/filesystem": {
      "version": "1.1.0",
      "resolved": "https://registry.npmjs.org/@capacitor/filesystem/-/filesystem-1.1.0.tgz",
      "integrity": "sha512-8O3UuvL8HNUEJvZnmn8yUmvgB1evtXfcF0oxIo3YbSlylqywJwS3JTiuhKmsvSxCdpbTy8IaTsutVh3gZgWbKg==",
      "requires": {}
    },
    "@capacitor/ios": {
      "version": "3.6.0",
      "resolved": "https://registry.npmjs.org/@capacitor/ios/-/ios-3.6.0.tgz",
      "integrity": "sha512-clauOkPj24COpAi1eIHSgi4OENIwuI8P6WKkfn3HVRX2lUPWyxczHTtg64inwECABy3zJdxnnwBHeok3bpoSCg==",
      "requires": {}
    },
    "dom-walk": {
      "version": "0.1.2",
      "resolved": "https://registry.npmjs.org/dom-walk/-/dom-walk-0.1.2.tgz",
      "integrity": "sha512-6QvTW9mrGeIegrFXdtQi9pk7O/nSK6lSdXW2eqUspN5LWD7UTji2Fqw5V2YLjBpHEoU9Xl/eUWNpDeZvoyOv2w=="
    },
    "global": {
      "version": "4.4.0",
      "resolved": "https://registry.npmjs.org/global/-/global-4.4.0.tgz",
      "integrity": "sha512-wv/LAoHdRE3BeTGz53FAamhGlPLhlssK45usmGFThIi4XqnBmjKQ16u+RNbP7WvigRZDxUsM0J3gcQ5yicaL0w==",
      "requires": {
        "min-document": "^2.19.0",
        "process": "^0.11.10"
      }
    },
    "is-function": {
      "version": "1.0.2",
      "resolved": "https://registry.npmjs.org/is-function/-/is-function-1.0.2.tgz",
      "integrity": "sha512-lw7DUp0aWXYg+CBCN+JKkcE0Q2RayZnSvnZBlwgxHBQhqt5pZNVy4Ri7H9GmmXkdu7LUthszM+Tor1u/2iBcpQ=="
    },
    "min-document": {
      "version": "2.19.0",
      "resolved": "https://registry.npmjs.org/min-document/-/min-document-2.19.0.tgz",
      "integrity": "sha1-e9KC4/WELtKVu3SM3Z8f+iyCRoU=",
      "requires": {
        "dom-walk": "^0.1.0"
      }
    },
    "parse-headers": {
      "version": "2.0.4",
      "resolved": "https://registry.npmjs.org/parse-headers/-/parse-headers-2.0.4.tgz",
      "integrity": "sha512-psZ9iZoCNFLrgRjZ1d8mn0h9WRqJwFxM9q3x7iUjN/YT2OksthDJ5TiPCu2F38kS4zutqfW+YdVVkBZZx3/1aw=="
    },
    "process": {
      "version": "0.11.10",
      "resolved": "https://registry.npmjs.org/process/-/process-0.11.10.tgz",
      "integrity": "sha1-czIwDoQBYb2j5podHZGn1LwW8YI="
    },
    "tslib": {
      "version": "2.4.0",
      "resolved": "https://registry.npmjs.org/tslib/-/tslib-2.4.0.tgz",
      "integrity": "sha512-d6xOpEDfsi2CZVlPQzGeux8XMwLT9hssAsaPYExaQMuYskwb+x1x7J371tWlbBdWHroy99KnVB6qIkUbs5X3UQ=="
    },
    "xhr": {
      "version": "2.6.0",
      "resolved": "https://registry.npmjs.org/xhr/-/xhr-2.6.0.tgz",
      "integrity": "sha512-/eCGLb5rxjx5e3mF1A7s+pLlR6CGyqWN91fv1JgER5mVWg1MZmlhBvy9kjcsOdRk8RrIujotWyJamfyrp+WIcA==",
      "requires": {
        "global": "~4.4.0",
        "is-function": "^1.0.1",
        "parse-headers": "^2.0.0",
        "xtend": "^4.0.0"
      }
    },
    "xtend": {
      "version": "4.0.2",
      "resolved": "https://registry.npmjs.org/xtend/-/xtend-4.0.2.tgz",
      "integrity": "sha512-LKYU1iAXJXUgAXn9URjiu+MWhyUXHsvfp7mcuYm9dSUKK0/CjtrUwFAxD82/mCWbtLsGjFIad0wIsod4zrTAEQ=="
    }
  }
}
