{
  "name": "@mymonero/mymonero-tx-parsing-utils",
  "version": "2.1.12",
  "lockfileVersion": 2,
  "requires": true,
  "packages": {
    "": {
      "name": "@mymonero/mymonero-tx-parsing-utils",
      "version": "2.1.12",
      "license": "BSD-3-Clause",
      "dependencies": {
        "@mymonero/mymonero-bigint": "^2.1.11",
        "@mymonero/mymonero-keyimage-cache": "^2.1.11",
        "@mymonero/mymonero-monero-config": "^2.1.11",
        "@mymonero/mymonero-money-format": "^2.1.11",
        "moment": "^2.29.4"
      }
    },
    "../mymonero-bigint": {
      "name": "@mymonero/mymonero-bigint",
      "version": "2.1.11",
      "license": "MIT"
    },
    "../mymonero-keyimage-cache": {
      "name": "@mymonero/mymonero-keyimage-cache",
      "version": "2.1.11",
      "license": "BSD-3-Clause"
    },
    "../mymonero-monero-config": {
      "name": "@mymonero/mymonero-monero-config",
      "version": "2.1.11",
      "license": "BSD-3-Clause",
      "dependencies": {
        "@mymonero/mymonero-bigint": "^2.1.11"
      }
    },
    "../mymonero-monero-config/node_modules/@mymonero/mymonero-bigint": {
      "resolved": "../mymonero-bigint",
      "link": true
    },
    "../mymonero-money-format": {
      "name": "@mymonero/mymonero-money-format",
      "version": "2.1.11",
      "license": "BSD-3-Clause",
      "dependencies": {
        "@mymonero/mymonero-bigint": "^2.1.11"
      }
    },
    "../mymonero-money-format/node_modules/@mymonero/mymonero-bigint": {
      "resolved": "../mymonero-bigint",
      "link": true
    },
    "node_modules/@mymonero/mymonero-bigint": {
      "resolved": "../mymonero-bigint",
      "link": true
    },
    "node_modules/@mymonero/mymonero-keyimage-cache": {
      "resolved": "../mymonero-keyimage-cache",
      "link": true
    },
    "node_modules/@mymonero/mymonero-monero-config": {
      "resolved": "../mymonero-monero-config",
      "link": true
    },
    "node_modules/@mymonero/mymonero-money-format": {
      "resolved": "../mymonero-money-format",
      "link": true
    },
    "node_modules/moment": {
      "version": "2.29.4",
      "resolved": "https://registry.npmjs.org/moment/-/moment-2.29.4.tgz",
      "integrity": "sha512-5LC9SOxjSc2HF6vO2CyuTDNivEdoz2IvyJJGj6X8DJ0eFyfszE0QiEd+iXmBvUP3WHxSjFH/vIsA0EN00cgr8w==",
      "engines": {
        "node": "*"
      }
    }
  },
  "dependencies": {
    "@mymonero/mymonero-bigint": {
      "version": "file:../mymonero-bigint"
    },
    "@mymonero/mymonero-keyimage-cache": {
      "version": "file:../mymonero-keyimage-cache"
    },
    "@mymonero/mymonero-monero-config": {
      "version": "file:../mymonero-monero-config",
      "requires": {
        "@mymonero/mymonero-bigint": "^2.1.11"
      },
      "dependencies": {
        "@mymonero/mymonero-bigint": {
          "version": "file:../mymonero-bigint"
        }
      }
    },
    "@mymonero/mymonero-money-format": {
      "version": "file:../mymonero-money-format",
      "requires": {
        "@mymonero/mymonero-bigint": "^2.1.11"
      },
      "dependencies": {
        "@mymonero/mymonero-bigint": {
          "version": "file:../mymonero-bigint"
        }
      }
    },
    "moment": {
      "version": "2.29.4",
      "resolved": "https://registry.npmjs.org/moment/-/moment-2.29.4.tgz",
      "integrity": "sha512-5LC9SOxjSc2HF6vO2CyuTDNivEdoz2IvyJJGj6X8DJ0eFyfszE0QiEd+iXmBvUP3WHxSjFH/vIsA0EN00cgr8w=="
    }
  }
}
