{
  "name": "@mymonero/mymonero-tx-parsing-utils",
  "version": "3.0.3",
  "lockfileVersion": 2,
  "requires": true,
  "packages": {
    "": {
      "name": "@mymonero/mymonero-tx-parsing-utils",
      "version": "3.0.3",
      "license": "BSD-3-Clause",
      "dependencies": {
        "moment": "^2.29.4"
      }
    },
    "../mymonero-bigint": {
      "name": "@mymonero/mymonero-bigint",
      "version": "2.1.21",
      "extraneous": true,
      "license": "MIT"
    },
    "../mymonero-keyimage-cache": {
      "name": "@mymonero/mymonero-keyimage-cache",
      "version": "2.1.21",
      "extraneous": true,
      "license": "BSD-3-Clause"
    },
    "../mymonero-monero-config": {
      "name": "@mymonero/mymonero-monero-config",
      "version": "2.1.21",
      "extraneous": true,
      "license": "BSD-3-Clause",
      "dependencies": {
        "@mymonero/mymonero-bigint": "^2.1.21"
      }
    },
    "../mymonero-money-format": {
      "name": "@mymonero/mymonero-money-format",
      "version": "2.1.21",
      "extraneous": true,
      "license": "BSD-3-Clause",
      "dependencies": {
        "@mymonero/mymonero-bigint": "^2.1.21"
      }
    },
    "node_modules/moment": {
      "version": "2.29.4",
      "resolved": "https://registry.npmjs.org/moment/-/moment-2.29.4.tgz",
      "integrity": "sha512-5LC9SOxjSc2HF6vO2CyuTDNivEdoz2IvyJJGj6X8DJ0eFyfszE0QiEd+iXmBvUP3WHxSjFH/vIsA0EN00cgr8w==",
      "engines": {
        "node": "*"
      }
    }
  },
  "dependencies": {
    "moment": {
      "version": "2.29.4",
      "resolved": "https://registry.npmjs.org/moment/-/moment-2.29.4.tgz",
      "integrity": "sha512-5LC9SOxjSc2HF6vO2CyuTDNivEdoz2IvyJJGj6X8DJ0eFyfszE0QiEd+iXmBvUP3WHxSjFH/vIsA0EN00cgr8w=="
    }
  }
}
