{
  "name": "@mymonero/mymonero-tx-parsing-utils",
  "version": "1.1.1",
  "lockfileVersion": 2,
  "requires": true,
  "packages": {
    "": {
      "name": "@mymonero/mymonero-tx-parsing-utils",
      "version": "1.0.0",
      "license": "ISC",
      "dependencies": {
        "@mymonero/mymonero-bigint": "^1.0.2",
        "@mymonero/mymonero-keyimage-cache": "^1.0.3",
        "@mymonero/mymonero-monero-config": "^1.0.0",
        "@mymonero/mymonero-money-format": "^1.0.3",
        "moment": "^2.29.1"
      }
    },
    "node_modules/@mymonero/mymonero-bigint": {
      "version": "1.0.2",
      "resolved": "https://registry.npmjs.org/@mymonero/mymonero-bigint/-/mymonero-bigint-1.0.2.tgz",
      "integrity": "sha512-Ef1enFXT2Xh/6UoWu4QSb4s5C2qTrMZU9OgQKXQfLvUgzqyxXguvTq6bc8rt0hkz/AG0e3TBr8xquqoo17sFWw=="
    },
    "node_modules/@mymonero/mymonero-keyimage-cache": {
      "version": "1.0.3",
      "resolved": "https://registry.npmjs.org/@mymonero/mymonero-keyimage-cache/-/mymonero-keyimage-cache-1.0.3.tgz",
      "integrity": "sha512-rrRZ8cufcr7wvJRvNx23w7sXpbYm30Un8Wqcog2jHg744G6Li/n8x/PbVIpSp5lXold3PQvuAUCQx3c3qngT2A=="
    },
    "node_modules/@mymonero/mymonero-monero-config": {
      "version": "1.0.0",
      "resolved": "https://registry.npmjs.org/@mymonero/mymonero-monero-config/-/mymonero-monero-config-1.0.0.tgz",
      "integrity": "sha512-jCXqm9ygIfbikKGfoE59rhtq8E58icJLYcWAeoxdwPS/tSPXL6Fbom42CAn1K8p+4lCFCUKeiJll4iWZXBp+xQ==",
      "dependencies": {
        "@mymonero/mymonero-bigint": "^1.0.2"
      }
    },
    "node_modules/@mymonero/mymonero-money-format": {
      "version": "1.0.3",
      "resolved": "https://registry.npmjs.org/@mymonero/mymonero-money-format/-/mymonero-money-format-1.0.3.tgz",
      "integrity": "sha512-N/oQKQBRlSqlWkPYiLVFvzy1Tyy/1QIiAW2CUlfD9DlgQ1wfekMJdfI9ZTMq8mD9MMa+I9WRzqUUxWWVEYqbhQ==",
      "dependencies": {
        "@mymonero/mymonero-bigint": "^1.0.2"
      }
    },
    "node_modules/moment": {
      "version": "2.29.1",
      "resolved": "https://registry.npmjs.org/moment/-/moment-2.29.1.tgz",
      "integrity": "sha512-kHmoybcPV8Sqy59DwNDY3Jefr64lK/by/da0ViFcuA4DH0vQg5Q6Ze5VimxkfQNSC+Mls/Kx53s7TjP1RhFEDQ==",
      "engines": {
        "node": "*"
      }
    }
  },
  "dependencies": {
    "@mymonero/mymonero-bigint": {
      "version": "1.0.2",
      "resolved": "https://registry.npmjs.org/@mymonero/mymonero-bigint/-/mymonero-bigint-1.0.2.tgz",
      "integrity": "sha512-Ef1enFXT2Xh/6UoWu4QSb4s5C2qTrMZU9OgQKXQfLvUgzqyxXguvTq6bc8rt0hkz/AG0e3TBr8xquqoo17sFWw=="
    },
    "@mymonero/mymonero-keyimage-cache": {
      "version": "1.0.3",
      "resolved": "https://registry.npmjs.org/@mymonero/mymonero-keyimage-cache/-/mymonero-keyimage-cache-1.0.3.tgz",
      "integrity": "sha512-rrRZ8cufcr7wvJRvNx23w7sXpbYm30Un8Wqcog2jHg744G6Li/n8x/PbVIpSp5lXold3PQvuAUCQx3c3qngT2A=="
    },
    "@mymonero/mymonero-monero-config": {
      "version": "1.0.0",
      "resolved": "https://registry.npmjs.org/@mymonero/mymonero-monero-config/-/mymonero-monero-config-1.0.0.tgz",
      "integrity": "sha512-jCXqm9ygIfbikKGfoE59rhtq8E58icJLYcWAeoxdwPS/tSPXL6Fbom42CAn1K8p+4lCFCUKeiJll4iWZXBp+xQ==",
      "requires": {
        "@mymonero/mymonero-bigint": "^1.0.2"
      }
    },
    "@mymonero/mymonero-money-format": {
      "version": "1.0.3",
      "resolved": "https://registry.npmjs.org/@mymonero/mymonero-money-format/-/mymonero-money-format-1.0.3.tgz",
      "integrity": "sha512-N/oQKQBRlSqlWkPYiLVFvzy1Tyy/1QIiAW2CUlfD9DlgQ1wfekMJdfI9ZTMq8mD9MMa+I9WRzqUUxWWVEYqbhQ==",
      "requires": {
        "@mymonero/mymonero-bigint": "^1.0.2"
      }
    },
    "moment": {
      "version": "2.29.1",
      "resolved": "https://registry.npmjs.org/moment/-/moment-2.29.1.tgz",
      "integrity": "sha512-kHmoybcPV8Sqy59DwNDY3Jefr64lK/by/da0ViFcuA4DH0vQg5Q6Ze5VimxkfQNSC+Mls/Kx53s7TjP1RhFEDQ=="
    }
  }
}
