{
	"name": "mymonero-exchange-helper",
	"version": "1.0.0",
	"lockfileVersion": 1,
	"requires": true,
	"dependencies": {
		"@mymonero/mymonero-money-format": {
			"version": "1.0.0",
			"resolved": "https://registry.npmjs.org/@mymonero/mymonero-money-format/-/mymonero-money-format-1.0.0.tgz",
			"integrity": "sha512-S2/D+TLLP4nMp4ZEXDiO7/zQqkI6PYHddPLerKJviFeyjeRnWYR9QkYbirw+MwQkQIIEYLKvIqVvXXT2C6AV7w=="
		}
	}
}
