{
  "name": "@mymonero/mymonero-libapp",
  "version": "1.1.5",
  "lockfileVersion": 2,
  "requires": true,
  "packages": {
    "": {
      "name": "@mymonero/mymonero-libapp",
      "version": "1.1.5",
      "license": "ISC",
      "dependencies": {
        "@mymonero/mymonero-bigint": "^1.1.3",
        "@mymonero/mymonero-nettype": "^1.1.4"
      }
    },
    "node_modules/@mymonero/mymonero-bigint": {
      "version": "1.1.3",
      "resolved": "https://registry.npmjs.org/@mymonero/mymonero-bigint/-/mymonero-bigint-1.1.3.tgz",
      "integrity": "sha512-tOBWdWh9I6bzB2wAXP/QkkNr4HhxuYWbgwOwFzplhKoWb+uFn4FNDSX2DeRy8KnLeEuCWUGWi8BH7MKRcuAvUQ=="
    },
    "node_modules/@mymonero/mymonero-nettype": {
      "version": "1.1.4",
      "resolved": "https://registry.npmjs.org/@mymonero/mymonero-nettype/-/mymonero-nettype-1.1.4.tgz",
      "integrity": "sha512-xmDZku1m9gRtM5NaiywqmNRwlfMI8EK3f1Be8NoGct1bo28+FqwqBU/0etGh8pe0hBi7Hd2aDZpNmuQMNRs4EA=="
    }
  },
  "dependencies": {
    "@mymonero/mymonero-bigint": {
      "version": "1.1.3",
      "resolved": "https://registry.npmjs.org/@mymonero/mymonero-bigint/-/mymonero-bigint-1.1.3.tgz",
      "integrity": "sha512-tOBWdWh9I6bzB2wAXP/QkkNr4HhxuYWbgwOwFzplhKoWb+uFn4FNDSX2DeRy8KnLeEuCWUGWi8BH7MKRcuAvUQ=="
    },
    "@mymonero/mymonero-nettype": {
      "version": "1.1.4",
      "resolved": "https://registry.npmjs.org/@mymonero/mymonero-nettype/-/mymonero-nettype-1.1.4.tgz",
      "integrity": "sha512-xmDZku1m9gRtM5NaiywqmNRwlfMI8EK3f1Be8NoGct1bo28+FqwqBU/0etGh8pe0hBi7Hd2aDZpNmuQMNRs4EA=="
    }
  }
}
