{
  "name": "@mymonero/mymonero-libapp",
  "version": "1.1.9",
  "lockfileVersion": 2,
  "requires": true,
  "packages": {
    "": {
      "name": "@mymonero/mymonero-libapp",
      "version": "1.0.2",
      "license": "ISC",
      "dependencies": {
        "@mymonero/mymonero-bigint": "^1.0.2",
        "@mymonero/mymonero-nettype": "^1.0.2"
      }
    },
    "node_modules/@mymonero/mymonero-bigint": {
      "version": "1.0.2",
      "resolved": "https://registry.npmjs.org/@mymonero/mymonero-bigint/-/mymonero-bigint-1.0.2.tgz",
      "integrity": "sha512-Ef1enFXT2Xh/6UoWu4QSb4s5C2qTrMZU9OgQKXQfLvUgzqyxXguvTq6bc8rt0hkz/AG0e3TBr8xquqoo17sFWw=="
    },
    "node_modules/@mymonero/mymonero-nettype": {
      "version": "1.0.2",
      "resolved": "https://registry.npmjs.org/@mymonero/mymonero-nettype/-/mymonero-nettype-1.0.2.tgz",
      "integrity": "sha512-wqkI8cwJVS+Z7D+Sm8VWdYH8jgDuHXnjYymdy5GOwLdm0jT7s6gyyKQL7+9+CSs6zGyyGVND3QYoHo1MN8IgFg=="
    }
  },
  "dependencies": {
    "@mymonero/mymonero-bigint": {
      "version": "1.0.2",
      "resolved": "https://registry.npmjs.org/@mymonero/mymonero-bigint/-/mymonero-bigint-1.0.2.tgz",
      "integrity": "sha512-Ef1enFXT2Xh/6UoWu4QSb4s5C2qTrMZU9OgQKXQfLvUgzqyxXguvTq6bc8rt0hkz/AG0e3TBr8xquqoo17sFWw=="
    },
    "@mymonero/mymonero-nettype": {
      "version": "1.0.2",
      "resolved": "https://registry.npmjs.org/@mymonero/mymonero-nettype/-/mymonero-nettype-1.0.2.tgz",
      "integrity": "sha512-wqkI8cwJVS+Z7D+Sm8VWdYH8jgDuHXnjYymdy5GOwLdm0jT7s6gyyKQL7+9+CSs6zGyyGVND3QYoHo1MN8IgFg=="
    }
  }
}
