{
  "name": "@mymonero/mymonero-app-bridge",
  "version": "1.1.9",
  "lockfileVersion": 2,
  "requires": true,
  "packages": {
    "": {
      "name": "@mymonero/mymonero-app-bridge",
      "version": "1.0.5",
      "license": "ISC",
      "dependencies": {
        "@mymonero/mymonero-bigint": "^1.0.5",
        "@mymonero/mymonero-bridge-utils": "^1.0.5",
        "@mymonero/mymonero-nettype": "^1.0.5"
      }
    },
    "node_modules/@mymonero/mymonero-bigint": {
      "version": "1.0.5",
      "resolved": "https://registry.npmjs.org/@mymonero/mymonero-bigint/-/mymonero-bigint-1.0.5.tgz",
      "integrity": "sha512-fcMNCiWSFxU0hBc3PT+ASNE1KiwoPa3HGoVskRybYN/x9qJ/FALg8b6tPxrHSj8lRq2f7OcW1CE+wGs9AqjMVQ=="
    },
    "node_modules/@mymonero/mymonero-bridge-utils": {
      "version": "1.0.5",
      "resolved": "https://registry.npmjs.org/@mymonero/mymonero-bridge-utils/-/mymonero-bridge-utils-1.0.5.tgz",
      "integrity": "sha512-r3BBnjzoivefLui2efeFTc1dP/7aPb9k7OW8PTS/AcnIjpRhwFDrRS8JHpcrTN6JjokX4CuwRnqlN9kEHEfzcQ=="
    },
    "node_modules/@mymonero/mymonero-nettype": {
      "version": "1.0.5",
      "resolved": "https://registry.npmjs.org/@mymonero/mymonero-nettype/-/mymonero-nettype-1.0.5.tgz",
      "integrity": "sha512-DXbfjhblHPw1brPicguXwevAf9gZDA+NIyDfshMZIMo0NUw2UwRUnsYzO0K8aanQh2JRJuFFfWyyLMuOJcUDow=="
    }
  },
  "dependencies": {
    "@mymonero/mymonero-bigint": {
      "version": "1.0.5",
      "resolved": "https://registry.npmjs.org/@mymonero/mymonero-bigint/-/mymonero-bigint-1.0.5.tgz",
      "integrity": "sha512-fcMNCiWSFxU0hBc3PT+ASNE1KiwoPa3HGoVskRybYN/x9qJ/FALg8b6tPxrHSj8lRq2f7OcW1CE+wGs9AqjMVQ=="
    },
    "@mymonero/mymonero-bridge-utils": {
      "version": "1.0.5",
      "resolved": "https://registry.npmjs.org/@mymonero/mymonero-bridge-utils/-/mymonero-bridge-utils-1.0.5.tgz",
      "integrity": "sha512-r3BBnjzoivefLui2efeFTc1dP/7aPb9k7OW8PTS/AcnIjpRhwFDrRS8JHpcrTN6JjokX4CuwRnqlN9kEHEfzcQ=="
    },
    "@mymonero/mymonero-nettype": {
      "version": "1.0.5",
      "resolved": "https://registry.npmjs.org/@mymonero/mymonero-nettype/-/mymonero-nettype-1.0.5.tgz",
      "integrity": "sha512-DXbfjhblHPw1brPicguXwevAf9gZDA+NIyDfshMZIMo0NUw2UwRUnsYzO0K8aanQh2JRJuFFfWyyLMuOJcUDow=="
    }
  }
}
