{
  "name": "@mymonero/mymonero-app-bridge",
  "version": "1.1.4",
  "lockfileVersion": 2,
  "requires": true,
  "packages": {
    "": {
      "name": "@mymonero/mymonero-app-bridge",
      "version": "1.1.4",
      "license": "ISC",
      "dependencies": {
        "@mymonero/mymonero-bigint": "^1.1.4",
        "@mymonero/mymonero-bridge-utils": "^1.1.3",
        "@mymonero/mymonero-nettype": "^1.1.4"
      }
    },
    "node_modules/@mymonero/mymonero-bigint": {
      "version": "1.1.4",
      "resolved": "https://registry.npmjs.org/@mymonero/mymonero-bigint/-/mymonero-bigint-1.1.4.tgz",
      "integrity": "sha512-as4tJVh9GQb8wsJGaqTdVd0q2sFhpH5nGTNEUR4Kq3rIG4wJ5bPCf2Ch43yXXY6hyS5bKPIlDYSrl+dc327o6Q=="
    },
    "node_modules/@mymonero/mymonero-bridge-utils": {
      "version": "1.1.3",
      "resolved": "https://registry.npmjs.org/@mymonero/mymonero-bridge-utils/-/mymonero-bridge-utils-1.1.3.tgz",
      "integrity": "sha512-IgF5jodJZIujiV70dcm3LLKqKBg46fp2DstOXDv1srkoQxh+Fa0P6HZT5r9i+8Rse+D+0aEi68RjqnC+wF4Wtw=="
    },
    "node_modules/@mymonero/mymonero-nettype": {
      "version": "1.1.4",
      "resolved": "https://registry.npmjs.org/@mymonero/mymonero-nettype/-/mymonero-nettype-1.1.4.tgz",
      "integrity": "sha512-xmDZku1m9gRtM5NaiywqmNRwlfMI8EK3f1Be8NoGct1bo28+FqwqBU/0etGh8pe0hBi7Hd2aDZpNmuQMNRs4EA=="
    }
  },
  "dependencies": {
    "@mymonero/mymonero-bigint": {
      "version": "1.1.4",
      "resolved": "https://registry.npmjs.org/@mymonero/mymonero-bigint/-/mymonero-bigint-1.1.4.tgz",
      "integrity": "sha512-as4tJVh9GQb8wsJGaqTdVd0q2sFhpH5nGTNEUR4Kq3rIG4wJ5bPCf2Ch43yXXY6hyS5bKPIlDYSrl+dc327o6Q=="
    },
    "@mymonero/mymonero-bridge-utils": {
      "version": "1.1.3",
      "resolved": "https://registry.npmjs.org/@mymonero/mymonero-bridge-utils/-/mymonero-bridge-utils-1.1.3.tgz",
      "integrity": "sha512-IgF5jodJZIujiV70dcm3LLKqKBg46fp2DstOXDv1srkoQxh+Fa0P6HZT5r9i+8Rse+D+0aEi68RjqnC+wF4Wtw=="
    },
    "@mymonero/mymonero-nettype": {
      "version": "1.1.4",
      "resolved": "https://registry.npmjs.org/@mymonero/mymonero-nettype/-/mymonero-nettype-1.1.4.tgz",
      "integrity": "sha512-xmDZku1m9gRtM5NaiywqmNRwlfMI8EK3f1Be8NoGct1bo28+FqwqBU/0etGh8pe0hBi7Hd2aDZpNmuQMNRs4EA=="
    }
  }
}
